<?xml version="1.0" encoding="UTF-8"?>
<Project xmlns="http://schemas.microsoft.com/developer/msbuild/2003" ToolsVersion="4.0">
    <ItemGroup>
        <Filter Include="header">
            <UniqueIdentifier>{D55428D1-FD97-4106-9F82-95769F3458E8}</UniqueIdentifier>
            <Extensions>h;hpp</Extensions>
        </Filter>
        <Filter Include="header\Balls">
            <UniqueIdentifier>{FA1A33BE-5B2E-4E5D-8542-A34562B41C76}</UniqueIdentifier>
            <Extensions>h;hpp</Extensions>
        </Filter>
        <Filter Include="header\Bosses">
            <UniqueIdentifier>{4DA9EA13-96C7-46B9-BADD-A8F9F7B14E49}</UniqueIdentifier>
            <Extensions>h;hpp</Extensions>
        </Filter>
        <Filter Include="header\Buttons">
            <UniqueIdentifier>{32557F96-5129-403E-B3A2-1A249BDBF236}</UniqueIdentifier>
            <Extensions>h;hpp</Extensions>
        </Filter>
        <Filter Include="header\HealthMana">
            <UniqueIdentifier>{D367D682-E321-4EAB-921E-EE29629DA8EE}</UniqueIdentifier>
            <Extensions>h;hpp</Extensions>
        </Filter>
        <Filter Include="header\Important">
            <UniqueIdentifier>{EBB537FD-5BAF-4362-B890-6539E6CF736E}</UniqueIdentifier>
            <Extensions>h;hpp</Extensions>
        </Filter>
        <Filter Include="header\Others">
            <UniqueIdentifier>{107E267C-A1EC-44BF-9BFC-DC9C403C659E}</UniqueIdentifier>
            <Extensions>h;hpp</Extensions>
        </Filter>
        <Filter Include="header\PlayerMobs">
            <UniqueIdentifier>{54C9B2F4-7B27-46AD-AE0E-1623E412D0C0}</UniqueIdentifier>
            <Extensions>h;hpp</Extensions>
        </Filter>
        <Filter Include="header\Scenes">
            <UniqueIdentifier>{E88A641D-EE48-4AE2-AECD-C45B85297A39}</UniqueIdentifier>
            <Extensions>h;hpp</Extensions>
        </Filter>
        <Filter Include="header\Scenes\Levels">
            <UniqueIdentifier>{4976D91C-5D9A-4ABE-84F0-609E1A6B51D3}</UniqueIdentifier>
            <Extensions>h;hpp</Extensions>
        </Filter>
        <Filter Include="header\Skills">
            <UniqueIdentifier>{3C370A9C-D0C4-4E6C-8BAA-A4FDA6D9F3F6}</UniqueIdentifier>
            <Extensions>h;hpp</Extensions>
        </Filter>
        <Filter Include="header\Sprites">
            <UniqueIdentifier>{515A51C0-E29B-410F-9ECA-86590BF4C4F5}</UniqueIdentifier>
            <Extensions>h;hpp</Extensions>
        </Filter>
        <Filter Include="resource">
            <UniqueIdentifier>{1A307FB1-E188-4848-BDEC-AC7098119300}</UniqueIdentifier>
            <Extensions>hlsl;jpg;jpeg;png;wav;mp3;ico;dds;rc;obj</Extensions>
        </Filter>
        <Filter Include="resource\Important">
            <UniqueIdentifier>{B60FC9B3-9A6F-4ACD-A434-B6C0A3976EDD}</UniqueIdentifier>
            <Extensions>hlsl;jpg;jpeg;png;wav;mp3;ico;dds;rc;obj</Extensions>
        </Filter>
        <Filter Include="source">
            <UniqueIdentifier>{B7645585-4916-43DC-86F9-2CB13A694F7A}</UniqueIdentifier>
            <Extensions>cpp;c</Extensions>
        </Filter>
        <Filter Include="source\Balls">
            <UniqueIdentifier>{3B4B6A86-408B-40D5-B012-786D4475D65E}</UniqueIdentifier>
            <Extensions>cpp;c</Extensions>
        </Filter>
        <Filter Include="source\Bosses">
            <UniqueIdentifier>{8112C600-65DD-41C3-8C49-733B424B2D0E}</UniqueIdentifier>
            <Extensions>cpp;c</Extensions>
        </Filter>
        <Filter Include="source\Buttons">
            <UniqueIdentifier>{5182D7DD-9A5B-40EE-BA48-99D29886AB3C}</UniqueIdentifier>
            <Extensions>cpp;c</Extensions>
        </Filter>
        <Filter Include="source\HealthMana">
            <UniqueIdentifier>{9C764DE9-5C49-4A13-B87F-26C94557569A}</UniqueIdentifier>
            <Extensions>cpp;c</Extensions>
        </Filter>
        <Filter Include="source\Important">
            <UniqueIdentifier>{BE953E57-ACE7-4AC0-8DEC-93AE43AAF744}</UniqueIdentifier>
            <Extensions>cpp;c</Extensions>
        </Filter>
        <Filter Include="source\Others">
            <UniqueIdentifier>{117620CD-0830-401D-8442-992F7770636B}</UniqueIdentifier>
            <Extensions>cpp;c</Extensions>
        </Filter>
        <Filter Include="source\PlayerMobs">
            <UniqueIdentifier>{DDBA8D81-B745-46CF-9A3A-C8269D58DF95}</UniqueIdentifier>
            <Extensions>cpp;c</Extensions>
        </Filter>
        <Filter Include="source\Scenes">
            <UniqueIdentifier>{0508E643-CAA3-4AF8-83A2-563BADC30E2B}</UniqueIdentifier>
            <Extensions>cpp;c</Extensions>
        </Filter>
        <Filter Include="source\Scenes\Levels">
            <UniqueIdentifier>{9B536CDC-F5EC-45AE-8A6D-361D368A7BA0}</UniqueIdentifier>
            <Extensions>cpp;c</Extensions>
        </Filter>
        <Filter Include="source\Skills">
            <UniqueIdentifier>{CDCFE50F-FD06-424F-B3F8-DCAAFA6C7BC1}</UniqueIdentifier>
            <Extensions>cpp;c</Extensions>
        </Filter>
        <Filter Include="source\Sprites">
            <UniqueIdentifier>{DE74D950-1516-464A-B720-8C341A3D527D}</UniqueIdentifier>
            <Extensions>cpp;c</Extensions>
        </Filter>
    </ItemGroup>
    <ItemGroup>
        <ClCompile Include="..\..\..\src\shootemup\Balls\AllyBall.cpp">
            <Filter>source\Balls</Filter>
        </ClCompile>
        <ClCompile Include="..\..\..\src\shootemup\Balls\Ball.cpp">
            <Filter>source\Balls</Filter>
        </ClCompile>
        <ClCompile Include="..\..\..\src\shootemup\Balls\EnemyBall.cpp">
            <Filter>source\Balls</Filter>
        </ClCompile>
        <ClCompile Include="..\..\..\src\shootemup\Bosses\ABoss.cpp">
            <Filter>source\Bosses</Filter>
        </ClCompile>
        <ClCompile Include="..\..\..\src\shootemup\Bosses\Boss1.cpp">
            <Filter>source\Bosses</Filter>
        </ClCompile>
        <ClCompile Include="..\..\..\src\shootemup\Buttons\BackButton.cpp">
            <Filter>source\Buttons</Filter>
        </ClCompile>
        <ClCompile Include="..\..\..\src\shootemup\Buttons\Button.cpp">
            <Filter>source\Buttons</Filter>
        </ClCompile>
        <ClCompile Include="..\..\..\src\shootemup\HealthMana\Health.cpp">
            <Filter>source\HealthMana</Filter>
        </ClCompile>
        <ClCompile Include="..\..\..\src\shootemup\HealthMana\HealthBar.cpp">
            <Filter>source\HealthMana</Filter>
        </ClCompile>
        <ClCompile Include="..\..\..\src\shootemup\HealthMana\Mana.cpp">
            <Filter>source\HealthMana</Filter>
        </ClCompile>
        <ClCompile Include="..\..\..\src\shootemup\HealthMana\ManaBar.cpp">
            <Filter>source\HealthMana</Filter>
        </ClCompile>
        <ClCompile Include="..\..\..\src\shootemup\Important\AssetManager.cpp">
            <Filter>source\Important</Filter>
        </ClCompile>
        <ClCompile Include="..\..\..\src\shootemup\Important\GameManager.cpp">
            <Filter>source\Important</Filter>
        </ClCompile>
        <ClCompile Include="..\..\..\src\shootemup\Important\main.cpp">
            <Filter>source\Important</Filter>
        </ClCompile>
        <ClCompile Include="..\..\..\src\shootemup\Important\Stats.cpp">
            <Filter>source\Important</Filter>
        </ClCompile>
        <ClCompile Include="..\..\..\src\shootemup\Others\Character.cpp">
            <Filter>source\Others</Filter>
        </ClCompile>
        <ClCompile Include="..\..\..\src\shootemup\Others\Collide.cpp">
            <Filter>source\Others</Filter>
        </ClCompile>
        <ClCompile Include="..\..\..\src\shootemup\Others\Entity.cpp">
            <Filter>source\Others</Filter>
        </ClCompile>
        <ClCompile Include="..\..\..\src\shootemup\PlayerMobs\Mob1.cpp">
            <Filter>source\PlayerMobs</Filter>
        </ClCompile>
        <ClCompile Include="..\..\..\src\shootemup\PlayerMobs\Player.cpp">
            <Filter>source\PlayerMobs</Filter>
        </ClCompile>
        <ClCompile Include="..\..\..\src\shootemup\Scenes\GameOver.cpp">
            <Filter>source\Scenes</Filter>
        </ClCompile>
        <ClCompile Include="..\..\..\src\shootemup\Scenes\Levels\Level.cpp">
            <Filter>source\Scenes\Levels</Filter>
        </ClCompile>
        <ClCompile Include="..\..\..\src\shootemup\Scenes\Levels\Level1.cpp">
            <Filter>source\Scenes\Levels</Filter>
        </ClCompile>
        <ClCompile Include="..\..\..\src\shootemup\Scenes\LevelSelect.cpp">
            <Filter>source\Scenes</Filter>
        </ClCompile>
        <ClCompile Include="..\..\..\src\shootemup\Scenes\Menu.cpp">
            <Filter>source\Scenes</Filter>
        </ClCompile>
        <ClCompile Include="..\..\..\src\shootemup\Scenes\Rules.cpp">
            <Filter>source\Scenes</Filter>
        </ClCompile>
        <ClCompile Include="..\..\..\src\shootemup\Scenes\Scene.cpp">
            <Filter>source\Scenes</Filter>
        </ClCompile>
        <ClCompile Include="..\..\..\src\shootemup\Scenes\SceneManager.cpp">
            <Filter>source\Scenes</Filter>
        </ClCompile>
        <ClCompile Include="..\..\..\src\shootemup\Skills\Skill.cpp">
            <Filter>source\Skills</Filter>
        </ClCompile>
        <ClCompile Include="..\..\..\src\shootemup\Skills\SkillBallX2.cpp">
            <Filter>source\Skills</Filter>
        </ClCompile>
        <ClCompile Include="..\..\..\src\shootemup\Skills\SkillHeal.cpp">
            <Filter>source\Skills</Filter>
        </ClCompile>
        <ClCompile Include="..\..\..\src\shootemup\Sprites\Background.cpp">
            <Filter>source\Sprites</Filter>
        </ClCompile>
        <ClCompile Include="..\..\..\src\shootemup\Sprites\Title.cpp">
            <Filter>source\Sprites</Filter>
        </ClCompile>
        <ClCompile Include="..\..\..\src\shootemup\Sprites\UI.cpp">
            <Filter>source\Sprites</Filter>
        </ClCompile>
        <ClInclude Include="..\..\..\src\shootemup\Balls\AllyBall.h">
            <Filter>header\Balls</Filter>
        </ClInclude>
        <ClInclude Include="..\..\..\src\shootemup\Balls\Ball.h">
            <Filter>header\Balls</Filter>
        </ClInclude>
        <ClInclude Include="..\..\..\src\shootemup\Balls\EnemyBall.h">
            <Filter>header\Balls</Filter>
        </ClInclude>
        <ClInclude Include="..\..\..\src\shootemup\Bosses\ABoss.h">
            <Filter>header\Bosses</Filter>
        </ClInclude>
        <ClInclude Include="..\..\..\src\shootemup\Bosses\Boss1.h">
            <Filter>header\Bosses</Filter>
        </ClInclude>
        <ClInclude Include="..\..\..\src\shootemup\Buttons\BackButton.h">
            <Filter>header\Buttons</Filter>
        </ClInclude>
        <ClInclude Include="..\..\..\src\shootemup\Buttons\Button.h">
            <Filter>header\Buttons</Filter>
        </ClInclude>
        <ClInclude Include="..\..\..\src\shootemup\HealthMana\Health.h">
            <Filter>header\HealthMana</Filter>
        </ClInclude>
        <ClInclude Include="..\..\..\src\shootemup\HealthMana\HealthBar.h">
            <Filter>header\HealthMana</Filter>
        </ClInclude>
        <ClInclude Include="..\..\..\src\shootemup\HealthMana\Mana.h">
            <Filter>header\HealthMana</Filter>
        </ClInclude>
        <ClInclude Include="..\..\..\src\shootemup\HealthMana\ManaBar.h">
            <Filter>header\HealthMana</Filter>
        </ClInclude>
        <ClInclude Include="..\..\..\src\shootemup\Important\AssetManager.h">
            <Filter>header\Important</Filter>
        </ClInclude>
        <ClInclude Include="..\..\..\src\shootemup\Important\GameManager.h">
            <Filter>header\Important</Filter>
        </ClInclude>
        <ClInclude Include="..\..\..\src\shootemup\Important\main.h">
            <Filter>header\Important</Filter>
        </ClInclude>
        <ClInclude Include="..\..\..\src\shootemup\Important\res.h">
            <Filter>header\Important</Filter>
        </ClInclude>
        <ClInclude Include="..\..\..\src\shootemup\Important\Stats.h">
            <Filter>header\Important</Filter>
        </ClInclude>
        <ClInclude Include="..\..\..\src\shootemup\Others\Character.h">
            <Filter>header\Others</Filter>
        </ClInclude>
        <ClInclude Include="..\..\..\src\shootemup\Others\Collide.h">
            <Filter>header\Others</Filter>
        </ClInclude>
        <ClInclude Include="..\..\..\src\shootemup\Others\Entity.h">
            <Filter>header\Others</Filter>
        </ClInclude>
        <ClInclude Include="..\..\..\src\shootemup\PlayerMobs\Mob1.h">
            <Filter>header\PlayerMobs</Filter>
        </ClInclude>
        <ClInclude Include="..\..\..\src\shootemup\PlayerMobs\Player.h">
            <Filter>header\PlayerMobs</Filter>
        </ClInclude>
        <ClInclude Include="..\..\..\src\shootemup\Scenes\GameOver.h">
            <Filter>header\Scenes</Filter>
        </ClInclude>
        <ClInclude Include="..\..\..\src\shootemup\Scenes\Levels\Level.h">
            <Filter>header\Scenes\Levels</Filter>
        </ClInclude>
        <ClInclude Include="..\..\..\src\shootemup\Scenes\Levels\Level1.h">
            <Filter>header\Scenes\Levels</Filter>
        </ClInclude>
        <ClInclude Include="..\..\..\src\shootemup\Scenes\LevelSelect.h">
            <Filter>header\Scenes</Filter>
        </ClInclude>
        <ClInclude Include="..\..\..\src\shootemup\Scenes\Menu.h">
            <Filter>header\Scenes</Filter>
        </ClInclude>
        <ClInclude Include="..\..\..\src\shootemup\Scenes\Rules.h">
            <Filter>header\Scenes</Filter>
        </ClInclude>
        <ClInclude Include="..\..\..\src\shootemup\Scenes\Scene.h">
            <Filter>header\Scenes</Filter>
        </ClInclude>
        <ClInclude Include="..\..\..\src\shootemup\Scenes\SceneManager.h">
            <Filter>header\Scenes</Filter>
        </ClInclude>
        <ClInclude Include="..\..\..\src\shootemup\Skills\Skill.h">
            <Filter>header\Skills</Filter>
        </ClInclude>
        <ClInclude Include="..\..\..\src\shootemup\Skills\SkillBallX2.h">
            <Filter>header\Skills</Filter>
        </ClInclude>
        <ClInclude Include="..\..\..\src\shootemup\Skills\SkillHeal.h">
            <Filter>header\Skills</Filter>
        </ClInclude>
        <ClInclude Include="..\..\..\src\shootemup\Sprites\Background.h">
            <Filter>header\Sprites</Filter>
        </ClInclude>
        <ClInclude Include="..\..\..\src\shootemup\Sprites\Title.h">
            <Filter>header\Sprites</Filter>
        </ClInclude>
        <ClInclude Include="..\..\..\src\shootemup\Sprites\UI.h">
            <Filter>header\Sprites</Filter>
        </ClInclude>
        <None Include="..\..\..\src\shootemup\Important\app.ico">
            <Filter>resource\Important</Filter>
        </None>
        <None Include="..\..\..\src\shootemup\Important\app.rc">
            <Filter>resource\Important</Filter>
        </None>
        <None Include="..\..\..\src\shootemup\Important\small.ico">
            <Filter>resource\Important</Filter>
        </None>
    </ItemGroup>
</Project>
